
Microsoft Visual Studio Solution File, Format Version 11.00
# Visual Studio 2010
Project("{FAE04EC0-301F-11D3-BF4B-00C04F79EFBC}") = "QL_BanHangThuanAn", "QL_BanHangThuanAn\QL_BanHangThuanAn.csproj", "{BCE4B7C0-F0CE-4C91-8483-F96C847BCDB9}"
EndProject
Global
	GlobalSection(SolutionConfigurationPlatforms) = preSolution
		Debug|x86 = Debug|x86
		Release|x86 = Release|x86
	EndGlobalSection
	GlobalSection(ProjectConfigurationPlatforms) = postSolution
		{BCE4B7C0-F0CE-4C91-8483-F96C847BCDB9}.Debug|x86.ActiveCfg = Debug|x86
		{BCE4B7C0-F0CE-4C91-8483-F96C847BCDB9}.Debug|x86.Build.0 = Debug|x86
		{BCE4B7C0-F0CE-4C91-8483-F96C847BCDB9}.Release|x86.ActiveCfg = Release|x86
		{BCE4B7C0-F0CE-4C91-8483-F96C847BCDB9}.Release|x86.Build.0 = Release|x86
	EndGlobalSection
	GlobalSection(SolutionProperties) = preSolution
		HideSolutionNode = FALSE
	EndGlobalSection
EndGlobal
